// !$*UTF8*$!
{
	archiveVersion = 1;
	classes = {
	};
	objectVersion = 46;
	objects = {

/* Begin PBXBuildFile section */
		B54636DC1374A7870035B6E9 /* black-leather-texture.jpg in Resources */ = {isa = PBXBuildFile; fileRef = B54636DB1374A7870035B6E9 /* black-leather-texture.jpg */; };
		B558FC5B1371A68F00A300D4 /* FullImageView.m in Sources */ = {isa = PBXBuildFile; fileRef = B558FC5A1371A68F00A300D4 /* FullImageView.m */; };
		B57F719A137826CD00B80A59 /* PhotosViewController.m in Sources */ = {isa = PBXBuildFile; fileRef = B57F7198137826CD00B80A59 /* PhotosViewController.m */; };
		B57F719B137826CD00B80A59 /* PhotosViewController.xib in Resources */ = {isa = PBXBuildFile; fileRef = B57F7199137826CD00B80A59 /* PhotosViewController.xib */; };
		B5B7024413753637004343A6 /* Photo.m in Sources */ = {isa = PBXBuildFile; fileRef = B5B7024313753637004343A6 /* Photo.m */; };
		B5BF0FDA136FCBE800C23233 /* UIKit.framework in Frameworks */ = {isa = PBXBuildFile; fileRef = B5BF0FD9136FCBE800C23233 /* UIKit.framework */; };
		B5BF0FDC136FCBE800C23233 /* Foundation.framework in Frameworks */ = {isa = PBXBuildFile; fileRef = B5BF0FDB136FCBE800C23233 /* Foundation.framework */; };
		B5BF0FDE136FCBE800C23233 /* CoreGraphics.framework in Frameworks */ = {isa = PBXBuildFile; fileRef = B5BF0FDD136FCBE800C23233 /* CoreGraphics.framework */; };
		B5BF0FE4136FCBE800C23233 /* InfoPlist.strings in Resources */ = {isa = PBXBuildFile; fileRef = B5BF0FE2136FCBE800C23233 /* InfoPlist.strings */; };
		B5BF0FE7136FCBE800C23233 /* main.m in Sources */ = {isa = PBXBuildFile; fileRef = B5BF0FE6136FCBE800C23233 /* main.m */; };
		B5BF0FEA136FCBE800C23233 /* LomoPhotosAppDelegate.m in Sources */ = {isa = PBXBuildFile; fileRef = B5BF0FE9136FCBE800C23233 /* LomoPhotosAppDelegate.m */; };
		B5BF0FED136FCBE800C23233 /* MainWindow.xib in Resources */ = {isa = PBXBuildFile; fileRef = B5BF0FEB136FCBE800C23233 /* MainWindow.xib */; };
		B5BF0FF0136FCBE800C23233 /* LomoPhotosViewController.m in Sources */ = {isa = PBXBuildFile; fileRef = B5BF0FEF136FCBE800C23233 /* LomoPhotosViewController.m */; };
		B5BF0FF3136FCBE800C23233 /* LomoPhotosViewController.xib in Resources */ = {isa = PBXBuildFile; fileRef = B5BF0FF1136FCBE800C23233 /* LomoPhotosViewController.xib */; };
		B5DF08EE136FE157001B340D /* NSObject+JSON.m in Sources */ = {isa = PBXBuildFile; fileRef = B5DF08DD136FE157001B340D /* NSObject+JSON.m */; };
		B5DF08EF136FE157001B340D /* SBJsonParser.m in Sources */ = {isa = PBXBuildFile; fileRef = B5DF08DF136FE157001B340D /* SBJsonParser.m */; };
		B5DF08F0136FE157001B340D /* SBJsonStreamParser.m in Sources */ = {isa = PBXBuildFile; fileRef = B5DF08E1136FE157001B340D /* SBJsonStreamParser.m */; };
		B5DF08F1136FE157001B340D /* SBJsonStreamParserAdapter.m in Sources */ = {isa = PBXBuildFile; fileRef = B5DF08E3136FE157001B340D /* SBJsonStreamParserAdapter.m */; };
		B5DF08F2136FE157001B340D /* SBJsonStreamParserState.m in Sources */ = {isa = PBXBuildFile; fileRef = B5DF08E5136FE157001B340D /* SBJsonStreamParserState.m */; };
		B5DF08F3136FE157001B340D /* SBJsonStreamWriter.m in Sources */ = {isa = PBXBuildFile; fileRef = B5DF08E7136FE157001B340D /* SBJsonStreamWriter.m */; };
		B5DF08F4136FE157001B340D /* SBJsonStreamWriterState.m in Sources */ = {isa = PBXBuildFile; fileRef = B5DF08E9136FE157001B340D /* SBJsonStreamWriterState.m */; };
		B5DF08F5136FE157001B340D /* SBJsonTokeniser.m in Sources */ = {isa = PBXBuildFile; fileRef = B5DF08EB136FE157001B340D /* SBJsonTokeniser.m */; };
		B5DF08F6136FE157001B340D /* SBJsonWriter.m in Sources */ = {isa = PBXBuildFile; fileRef = B5DF08ED136FE157001B340D /* SBJsonWriter.m */; };
		B5FB562C1372F5E9001F3260 /* gray-leather-texture.jpg in Resources */ = {isa = PBXBuildFile; fileRef = B5FB562B1372F5E9001F3260 /* gray-leather-texture.jpg */; };
		B5FEE2F213782D490006AF4A /* vienna.png in Resources */ = {isa = PBXBuildFile; fileRef = B5FEE2F113782D490006AF4A /* vienna.png */; };
		B5FEE2F513782D870006AF4A /* popular.jpg in Resources */ = {isa = PBXBuildFile; fileRef = B5FEE2F413782D870006AF4A /* popular.jpg */; };
/* End PBXBuildFile section */

/* Begin PBXFileReference section */
		B54636DB1374A7870035B6E9 /* black-leather-texture.jpg */ = {isa = PBXFileReference; lastKnownFileType = image.jpeg; path = "black-leather-texture.jpg"; sourceTree = "<group>"; };
		B558FC591371A68F00A300D4 /* FullImageView.h */ = {isa = PBXFileReference; fileEncoding = 4; lastKnownFileType = sourcecode.c.h; path = FullImageView.h; sourceTree = "<group>"; };
		B558FC5A1371A68F00A300D4 /* FullImageView.m */ = {isa = PBXFileReference; fileEncoding = 4; lastKnownFileType = sourcecode.c.objc; path = FullImageView.m; sourceTree = "<group>"; };
		B57F7197137826CD00B80A59 /* PhotosViewController.h */ = {isa = PBXFileReference; fileEncoding = 4; lastKnownFileType = sourcecode.c.h; path = PhotosViewController.h; sourceTree = "<group>"; };
		B57F7198137826CD00B80A59 /* PhotosViewController.m */ = {isa = PBXFileReference; fileEncoding = 4; lastKnownFileType = sourcecode.c.objc; path = PhotosViewController.m; sourceTree = "<group>"; };
		B57F7199137826CD00B80A59 /* PhotosViewController.xib */ = {isa = PBXFileReference; fileEncoding = 4; lastKnownFileType = file.xib; path = PhotosViewController.xib; sourceTree = "<group>"; };
		B5B7024213753637004343A6 /* Photo.h */ = {isa = PBXFileReference; fileEncoding = 4; lastKnownFileType = sourcecode.c.h; path = Photo.h; sourceTree = "<group>"; };
		B5B7024313753637004343A6 /* Photo.m */ = {isa = PBXFileReference; fileEncoding = 4; lastKnownFileType = sourcecode.c.objc; path = Photo.m; sourceTree = "<group>"; };
		B5BF0FD5136FCBE800C23233 /* LomoPhotos.app */ = {isa = PBXFileReference; explicitFileType = wrapper.application; includeInIndex = 0; path = LomoPhotos.app; sourceTree = BUILT_PRODUCTS_DIR; };
		B5BF0FD9136FCBE800C23233 /* UIKit.framework */ = {isa = PBXFileReference; lastKnownFileType = wrapper.framework; name = UIKit.framework; path = System/Library/Frameworks/UIKit.framework; sourceTree = SDKROOT; };
		B5BF0FDB136FCBE800C23233 /* Foundation.framework */ = {isa = PBXFileReference; lastKnownFileType = wrapper.framework; name = Foundation.framework; path = System/Library/Frameworks/Foundation.framework; sourceTree = SDKROOT; };
		B5BF0FDD136FCBE800C23233 /* CoreGraphics.framework */ = {isa = PBXFileReference; lastKnownFileType = wrapper.framework; name = CoreGraphics.framework; path = System/Library/Frameworks/CoreGraphics.framework; sourceTree = SDKROOT; };
		B5BF0FE1136FCBE800C23233 /* LomoPhotos-Info.plist */ = {isa = PBXFileReference; lastKnownFileType = text.plist.xml; path = "LomoPhotos-Info.plist"; sourceTree = "<group>"; };
		B5BF0FE3136FCBE800C23233 /* en */ = {isa = PBXFileReference; lastKnownFileType = text.plist.strings; name = en; path = en.lproj/InfoPlist.strings; sourceTree = "<group>"; };
		B5BF0FE5136FCBE800C23233 /* LomoPhotos-Prefix.pch */ = {isa = PBXFileReference; lastKnownFileType = sourcecode.c.h; path = "LomoPhotos-Prefix.pch"; sourceTree = "<group>"; };
		B5BF0FE6136FCBE800C23233 /* main.m */ = {isa = PBXFileReference; lastKnownFileType = sourcecode.c.objc; path = main.m; sourceTree = "<group>"; };
		B5BF0FE8136FCBE800C23233 /* LomoPhotosAppDelegate.h */ = {isa = PBXFileReference; lastKnownFileType = sourcecode.c.h; path = LomoPhotosAppDelegate.h; sourceTree = "<group>"; };
		B5BF0FE9136FCBE800C23233 /* LomoPhotosAppDelegate.m */ = {isa = PBXFileReference; lastKnownFileType = sourcecode.c.objc; path = LomoPhotosAppDelegate.m; sourceTree = "<group>"; };
		B5BF0FEC136FCBE800C23233 /* en */ = {isa = PBXFileReference; lastKnownFileType = file.xib; name = en; path = en.lproj/MainWindow.xib; sourceTree = "<group>"; };
		B5BF0FEE136FCBE800C23233 /* LomoPhotosViewController.h */ = {isa = PBXFileReference; lastKnownFileType = sourcecode.c.h; path = LomoPhotosViewController.h; sourceTree = "<group>"; };
		B5BF0FEF136FCBE800C23233 /* LomoPhotosViewController.m */ = {isa = PBXFileReference; lastKnownFileType = sourcecode.c.objc; path = LomoPhotosViewController.m; sourceTree = "<group>"; };
		B5BF0FF2136FCBE800C23233 /* en */ = {isa = PBXFileReference; lastKnownFileType = file.xib; name = en; path = en.lproj/LomoPhotosViewController.xib; sourceTree = "<group>"; };
		B5DF08DB136FE157001B340D /* JSON.h */ = {isa = PBXFileReference; fileEncoding = 4; lastKnownFileType = sourcecode.c.h; path = JSON.h; sourceTree = "<group>"; };
		B5DF08DC136FE157001B340D /* NSObject+JSON.h */ = {isa = PBXFileReference; fileEncoding = 4; lastKnownFileType = sourcecode.c.h; path = "NSObject+JSON.h"; sourceTree = "<group>"; };
		B5DF08DD136FE157001B340D /* NSObject+JSON.m */ = {isa = PBXFileReference; fileEncoding = 4; lastKnownFileType = sourcecode.c.objc; path = "NSObject+JSON.m"; sourceTree = "<group>"; };
		B5DF08DE136FE157001B340D /* SBJsonParser.h */ = {isa = PBXFileReference; fileEncoding = 4; lastKnownFileType = sourcecode.c.h; path = SBJsonParser.h; sourceTree = "<group>"; };
		B5DF08DF136FE157001B340D /* SBJsonParser.m */ = {isa = PBXFileReference; fileEncoding = 4; lastKnownFileType = sourcecode.c.objc; path = SBJsonParser.m; sourceTree = "<group>"; };
		B5DF08E0136FE157001B340D /* SBJsonStreamParser.h */ = {isa = PBXFileReference; fileEncoding = 4; lastKnownFileType = sourcecode.c.h; path = SBJsonStreamParser.h; sourceTree = "<group>"; };
		B5DF08E1136FE157001B340D /* SBJsonStreamParser.m */ = {isa = PBXFileReference; fileEncoding = 4; lastKnownFileType = sourcecode.c.objc; path = SBJsonStreamParser.m; sourceTree = "<group>"; };
		B5DF08E2136FE157001B340D /* SBJsonStreamParserAdapter.h */ = {isa = PBXFileReference; fileEncoding = 4; lastKnownFileType = sourcecode.c.h; path = SBJsonStreamParserAdapter.h; sourceTree = "<group>"; };
		B5DF08E3136FE157001B340D /* SBJsonStreamParserAdapter.m */ = {isa = PBXFileReference; fileEncoding = 4; lastKnownFileType = sourcecode.c.objc; path = SBJsonStreamParserAdapter.m; sourceTree = "<group>"; };
		B5DF08E4136FE157001B340D /* SBJsonStreamParserState.h */ = {isa = PBXFileReference; fileEncoding = 4; lastKnownFileType = sourcecode.c.h; path = SBJsonStreamParserState.h; sourceTree = "<group>"; };
		B5DF08E5136FE157001B340D /* SBJsonStreamParserState.m */ = {isa = PBXFileReference; fileEncoding = 4; lastKnownFileType = sourcecode.c.objc; path = SBJsonStreamParserState.m; sourceTree = "<group>"; };
		B5DF08E6136FE157001B340D /* SBJsonStreamWriter.h */ = {isa = PBXFileReference; fileEncoding = 4; lastKnownFileType = sourcecode.c.h; path = SBJsonStreamWriter.h; sourceTree = "<group>"; };
		B5DF08E7136FE157001B340D /* SBJsonStreamWriter.m */ = {isa = PBXFileReference; fileEncoding = 4; lastKnownFileType = sourcecode.c.objc; path = SBJsonStreamWriter.m; sourceTree = "<group>"; };
		B5DF08E8136FE157001B340D /* SBJsonStreamWriterState.h */ = {isa = PBXFileReference; fileEncoding = 4; lastKnownFileType = sourcecode.c.h; path = SBJsonStreamWriterState.h; sourceTree = "<group>"; };
		B5DF08E9136FE157001B340D /* SBJsonStreamWriterState.m */ = {isa = PBXFileReference; fileEncoding = 4; lastKnownFileType = sourcecode.c.objc; path = SBJsonStreamWriterState.m; sourceTree = "<group>"; };
		B5DF08EA136FE157001B340D /* SBJsonTokeniser.h */ = {isa = PBXFileReference; fileEncoding = 4; lastKnownFileType = sourcecode.c.h; path = SBJsonTokeniser.h; sourceTree = "<group>"; };
		B5DF08EB136FE157001B340D /* SBJsonTokeniser.m */ = {isa = PBXFileReference; fileEncoding = 4; lastKnownFileType = sourcecode.c.objc; path = SBJsonTokeniser.m; sourceTree = "<group>"; };
		B5DF08EC136FE157001B340D /* SBJsonWriter.h */ = {isa = PBXFileReference; fileEncoding = 4; lastKnownFileType = sourcecode.c.h; path = SBJsonWriter.h; sourceTree = "<group>"; };
		B5DF08ED136FE157001B340D /* SBJsonWriter.m */ = {isa = PBXFileReference; fileEncoding = 4; lastKnownFileType = sourcecode.c.objc; path = SBJsonWriter.m; sourceTree = "<group>"; };
		B5FB562B1372F5E9001F3260 /* gray-leather-texture.jpg */ = {isa = PBXFileReference; lastKnownFileType = image.jpeg; path = "gray-leather-texture.jpg"; sourceTree = "<group>"; };
		B5FEE2F113782D490006AF4A /* vienna.png */ = {isa = PBXFileReference; lastKnownFileType = image.png; path = vienna.png; sourceTree = "<group>"; };
		B5FEE2F413782D870006AF4A /* popular.jpg */ = {isa = PBXFileReference; lastKnownFileType = image.jpeg; path = popular.jpg; sourceTree = "<group>"; };
/* End PBXFileReference section */

/* Begin PBXFrameworksBuildPhase section */
		B5BF0FD2136FCBE800C23233 /* Frameworks */ = {
			isa = PBXFrameworksBuildPhase;
			buildActionMask = 2147483647;
			files = (
				B5BF0FDA136FCBE800C23233 /* UIKit.framework in Frameworks */,
				B5BF0FDC136FCBE800C23233 /* Foundation.framework in Frameworks */,
				B5BF0FDE136FCBE800C23233 /* CoreGraphics.framework in Frameworks */,
			);
			runOnlyForDeploymentPostprocessing = 0;
		};
/* End PBXFrameworksBuildPhase section */

/* Begin PBXGroup section */
		B57F718E1378265F00B80A59 /* Views */ = {
			isa = PBXGroup;
			children = (
				B5BF0FEE136FCBE800C23233 /* LomoPhotosViewController.h */,
				B5BF0FEF136FCBE800C23233 /* LomoPhotosViewController.m */,
				B5BF0FF1136FCBE800C23233 /* LomoPhotosViewController.xib */,
				B558FC591371A68F00A300D4 /* FullImageView.h */,
				B558FC5A1371A68F00A300D4 /* FullImageView.m */,
				B57F7197137826CD00B80A59 /* PhotosViewController.h */,
				B57F7198137826CD00B80A59 /* PhotosViewController.m */,
				B57F7199137826CD00B80A59 /* PhotosViewController.xib */,
			);
			name = Views;
			sourceTree = "<group>";
		};
		B5BF0FCA136FCBE800C23233 = {
			isa = PBXGroup;
			children = (
				B5BF0FDF136FCBE800C23233 /* LomoPhotos */,
				B5BF0FD8136FCBE800C23233 /* Frameworks */,
				B5BF0FD6136FCBE800C23233 /* Products */,
			);
			sourceTree = "<group>";
		};
		B5BF0FD6136FCBE800C23233 /* Products */ = {
			isa = PBXGroup;
			children = (
				B5BF0FD5136FCBE800C23233 /* LomoPhotos.app */,
			);
			name = Products;
			sourceTree = "<group>";
		};
		B5BF0FD8136FCBE800C23233 /* Frameworks */ = {
			isa = PBXGroup;
			children = (
				B5BF0FD9136FCBE800C23233 /* UIKit.framework */,
				B5BF0FDB136FCBE800C23233 /* Foundation.framework */,
				B5BF0FDD136FCBE800C23233 /* CoreGraphics.framework */,
			);
			name = Frameworks;
			sourceTree = "<group>";
		};
		B5BF0FDF136FCBE800C23233 /* LomoPhotos */ = {
			isa = PBXGroup;
			children = (
				B57F718E1378265F00B80A59 /* Views */,
				B5FB56291372F552001F3260 /* Assets */,
				B5DF08F7136FE160001B340D /* Classes */,
				B5DF08D9136FE14C001B340D /* JSON */,
				B5BF0FE8136FCBE800C23233 /* LomoPhotosAppDelegate.h */,
				B5BF0FE9136FCBE800C23233 /* LomoPhotosAppDelegate.m */,
				B5BF0FEB136FCBE800C23233 /* MainWindow.xib */,
				B5BF0FE0136FCBE800C23233 /* Supporting Files */,
			);
			path = LomoPhotos;
			sourceTree = "<group>";
		};
		B5BF0FE0136FCBE800C23233 /* Supporting Files */ = {
			isa = PBXGroup;
			children = (
				B5BF0FE1136FCBE800C23233 /* LomoPhotos-Info.plist */,
				B5BF0FE2136FCBE800C23233 /* InfoPlist.strings */,
				B5BF0FE5136FCBE800C23233 /* LomoPhotos-Prefix.pch */,
				B5BF0FE6136FCBE800C23233 /* main.m */,
			);
			name = "Supporting Files";
			sourceTree = "<group>";
		};
		B5DF08D9136FE14C001B340D /* JSON */ = {
			isa = PBXGroup;
			children = (
				B5DF08DB136FE157001B340D /* JSON.h */,
				B5DF08DC136FE157001B340D /* NSObject+JSON.h */,
				B5DF08DD136FE157001B340D /* NSObject+JSON.m */,
				B5DF08DE136FE157001B340D /* SBJsonParser.h */,
				B5DF08DF136FE157001B340D /* SBJsonParser.m */,
				B5DF08E0136FE157001B340D /* SBJsonStreamParser.h */,
				B5DF08E1136FE157001B340D /* SBJsonStreamParser.m */,
				B5DF08E2136FE157001B340D /* SBJsonStreamParserAdapter.h */,
				B5DF08E3136FE157001B340D /* SBJsonStreamParserAdapter.m */,
				B5DF08E4136FE157001B340D /* SBJsonStreamParserState.h */,
				B5DF08E5136FE157001B340D /* SBJsonStreamParserState.m */,
				B5DF08E6136FE157001B340D /* SBJsonStreamWriter.h */,
				B5DF08E7136FE157001B340D /* SBJsonStreamWriter.m */,
				B5DF08E8136FE157001B340D /* SBJsonStreamWriterState.h */,
				B5DF08E9136FE157001B340D /* SBJsonStreamWriterState.m */,
				B5DF08EA136FE157001B340D /* SBJsonTokeniser.h */,
				B5DF08EB136FE157001B340D /* SBJsonTokeniser.m */,
				B5DF08EC136FE157001B340D /* SBJsonWriter.h */,
				B5DF08ED136FE157001B340D /* SBJsonWriter.m */,
			);
			name = JSON;
			sourceTree = "<group>";
		};
		B5DF08F7136FE160001B340D /* Classes */ = {
			isa = PBXGroup;
			children = (
				B5B7024213753637004343A6 /* Photo.h */,
				B5B7024313753637004343A6 /* Photo.m */,
			);
			name = Classes;
			sourceTree = "<group>";
		};
		B5FB56291372F552001F3260 /* Assets */ = {
			isa = PBXGroup;
			children = (
				B5FEE2F413782D870006AF4A /* popular.jpg */,
				B5FEE2F113782D490006AF4A /* vienna.png */,
				B54636DB1374A7870035B6E9 /* black-leather-texture.jpg */,
				B5FB562B1372F5E9001F3260 /* gray-leather-texture.jpg */,
			);
			name = Assets;
			sourceTree = "<group>";
		};
/* End PBXGroup section */

/* Begin PBXNativeTarget section */
		B5BF0FD4136FCBE800C23233 /* LomoPhotos */ = {
			isa = PBXNativeTarget;
			buildConfigurationList = B5BF0FF6136FCBE800C23233 /* Build configuration list for PBXNativeTarget "LomoPhotos" */;
			buildPhases = (
				B5BF0FD1136FCBE800C23233 /* Sources */,
				B5BF0FD2136FCBE800C23233 /* Frameworks */,
				B5BF0FD3136FCBE800C23233 /* Resources */,
			);
			buildRules = (
			);
			dependencies = (
			);
			name = LomoPhotos;
			productName = LomoPhotos;
			productReference = B5BF0FD5136FCBE800C23233 /* LomoPhotos.app */;
			productType = "com.apple.product-type.application";
		};
/* End PBXNativeTarget section */

/* Begin PBXProject section */
		B5BF0FCC136FCBE800C23233 /* Project object */ = {
			isa = PBXProject;
			buildConfigurationList = B5BF0FCF136FCBE800C23233 /* Build configuration list for PBXProject "LomoPhotos" */;
			compatibilityVersion = "Xcode 3.2";
			developmentRegion = English;
			hasScannedForEncodings = 0;
			knownRegions = (
				en,
			);
			mainGroup = B5BF0FCA136FCBE800C23233;
			productRefGroup = B5BF0FD6136FCBE800C23233 /* Products */;
			projectDirPath = "";
			projectRoot = "";
			targets = (
				B5BF0FD4136FCBE800C23233 /* LomoPhotos */,
			);
		};
/* End PBXProject section */

/* Begin PBXResourcesBuildPhase section */
		B5BF0FD3136FCBE800C23233 /* Resources */ = {
			isa = PBXResourcesBuildPhase;
			buildActionMask = 2147483647;
			files = (
				B5BF0FE4136FCBE800C23233 /* InfoPlist.strings in Resources */,
				B5BF0FED136FCBE800C23233 /* MainWindow.xib in Resources */,
				B5BF0FF3136FCBE800C23233 /* LomoPhotosViewController.xib in Resources */,
				B5FB562C1372F5E9001F3260 /* gray-leather-texture.jpg in Resources */,
				B54636DC1374A7870035B6E9 /* black-leather-texture.jpg in Resources */,
				B57F719B137826CD00B80A59 /* PhotosViewController.xib in Resources */,
				B5FEE2F213782D490006AF4A /* vienna.png in Resources */,
				B5FEE2F513782D870006AF4A /* popular.jpg in Resources */,
			);
			runOnlyForDeploymentPostprocessing = 0;
		};
/* End PBXResourcesBuildPhase section */

/* Begin PBXSourcesBuildPhase section */
		B5BF0FD1136FCBE800C23233 /* Sources */ = {
			isa = PBXSourcesBuildPhase;
			buildActionMask = 2147483647;
			files = (
				B5BF0FE7136FCBE800C23233 /* main.m in Sources */,
				B5BF0FEA136FCBE800C23233 /* LomoPhotosAppDelegate.m in Sources */,
				B5BF0FF0136FCBE800C23233 /* LomoPhotosViewController.m in Sources */,
				B5DF08EE136FE157001B340D /* NSObject+JSON.m in Sources */,
				B5DF08EF136FE157001B340D /* SBJsonParser.m in Sources */,
				B5DF08F0136FE157001B340D /* SBJsonStreamParser.m in Sources */,
				B5DF08F1136FE157001B340D /* SBJsonStreamParserAdapter.m in Sources */,
				B5DF08F2136FE157001B340D /* SBJsonStreamParserState.m in Sources */,
				B5DF08F3136FE157001B340D /* SBJsonStreamWriter.m in Sources */,
				B5DF08F4136FE157001B340D /* SBJsonStreamWriterState.m in Sources */,
				B5DF08F5136FE157001B340D /* SBJsonTokeniser.m in Sources */,
				B5DF08F6136FE157001B340D /* SBJsonWriter.m in Sources */,
				B558FC5B1371A68F00A300D4 /* FullImageView.m in Sources */,
				B5B7024413753637004343A6 /* Photo.m in Sources */,
				B57F719A137826CD00B80A59 /* PhotosViewController.m in Sources */,
			);
			runOnlyForDeploymentPostprocessing = 0;
		};
/* End PBXSourcesBuildPhase section */

/* Begin PBXVariantGroup section */
		B5BF0FE2136FCBE800C23233 /* InfoPlist.strings */ = {
			isa = PBXVariantGroup;
			children = (
				B5BF0FE3136FCBE800C23233 /* en */,
			);
			name = InfoPlist.strings;
			sourceTree = "<group>";
		};
		B5BF0FEB136FCBE800C23233 /* MainWindow.xib */ = {
			isa = PBXVariantGroup;
			children = (
				B5BF0FEC136FCBE800C23233 /* en */,
			);
			name = MainWindow.xib;
			sourceTree = "<group>";
		};
		B5BF0FF1136FCBE800C23233 /* LomoPhotosViewController.xib */ = {
			isa = PBXVariantGroup;
			children = (
				B5BF0FF2136FCBE800C23233 /* en */,
			);
			name = LomoPhotosViewController.xib;
			sourceTree = "<group>";
		};
/* End PBXVariantGroup section */

/* Begin XCBuildConfiguration section */
		B5BF0FF4136FCBE800C23233 /* Debug */ = {
			isa = XCBuildConfiguration;
			buildSettings = {
				ARCHS = "$(ARCHS_UNIVERSAL_IPHONE_OS)";
				"CODE_SIGN_IDENTITY[sdk=iphoneos*]" = "iPhone Developer";
				GCC_C_LANGUAGE_STANDARD = gnu99;
				GCC_OPTIMIZATION_LEVEL = 0;
				GCC_PREPROCESSOR_DEFINITIONS = DEBUG;
				GCC_SYMBOLS_PRIVATE_EXTERN = NO;
				GCC_VERSION = com.apple.compilers.llvmgcc42;
				GCC_WARN_ABOUT_RETURN_TYPE = YES;
				GCC_WARN_UNUSED_VARIABLE = YES;
				IPHONEOS_DEPLOYMENT_TARGET = 4.3;
				SDKROOT = iphoneos;
				TARGETED_DEVICE_FAMILY = 2;
			};
			name = Debug;
		};
		B5BF0FF5136FCBE800C23233 /* Release */ = {
			isa = XCBuildConfiguration;
			buildSettings = {
				ARCHS = "$(ARCHS_UNIVERSAL_IPHONE_OS)";
				"CODE_SIGN_IDENTITY[sdk=iphoneos*]" = "iPhone Developer";
				GCC_C_LANGUAGE_STANDARD = gnu99;
				GCC_VERSION = com.apple.compilers.llvmgcc42;
				GCC_WARN_ABOUT_RETURN_TYPE = YES;
				GCC_WARN_UNUSED_VARIABLE = YES;
				IPHONEOS_DEPLOYMENT_TARGET = 4.3;
				OTHER_CFLAGS = "-DNS_BLOCK_ASSERTIONS=1";
				SDKROOT = iphoneos;
				TARGETED_DEVICE_FAMILY = 2;
			};
			name = Release;
		};
		B5BF0FF7136FCBE800C23233 /* Debug */ = {
			isa = XCBuildConfiguration;
			buildSettings = {
				ALWAYS_SEARCH_USER_PATHS = NO;
				COPY_PHASE_STRIP = NO;
				GCC_DYNAMIC_NO_PIC = NO;
				GCC_PRECOMPILE_PREFIX_HEADER = YES;
				GCC_PREFIX_HEADER = "LomoPhotos/LomoPhotos-Prefix.pch";
				INFOPLIST_FILE = "LomoPhotos/LomoPhotos-Info.plist";
				PRODUCT_NAME = "$(TARGET_NAME)";
				WRAPPER_EXTENSION = app;
			};
			name = Debug;
		};
		B5BF0FF8136FCBE800C23233 /* Release */ = {
			isa = XCBuildConfiguration;
			buildSettings = {
				ALWAYS_SEARCH_USER_PATHS = NO;
				COPY_PHASE_STRIP = YES;
				GCC_PRECOMPILE_PREFIX_HEADER = YES;
				GCC_PREFIX_HEADER = "LomoPhotos/LomoPhotos-Prefix.pch";
				INFOPLIST_FILE = "LomoPhotos/LomoPhotos-Info.plist";
				PRODUCT_NAME = "$(TARGET_NAME)";
				VALIDATE_PRODUCT = YES;
				WRAPPER_EXTENSION = app;
			};
			name = Release;
		};
/* End XCBuildConfiguration section */

/* Begin XCConfigurationList section */
		B5BF0FCF136FCBE800C23233 /* Build configuration list for PBXProject "LomoPhotos" */ = {
			isa = XCConfigurationList;
			buildConfigurations = (
				B5BF0FF4136FCBE800C23233 /* Debug */,
				B5BF0FF5136FCBE800C23233 /* Release */,
			);
			defaultConfigurationIsVisible = 0;
			defaultConfigurationName = Release;
		};
		B5BF0FF6136FCBE800C23233 /* Build configuration list for PBXNativeTarget "LomoPhotos" */ = {
			isa = XCConfigurationList;
			buildConfigurations = (
				B5BF0FF7136FCBE800C23233 /* Debug */,
				B5BF0FF8136FCBE800C23233 /* Release */,
			);
			defaultConfigurationIsVisible = 0;
			defaultConfigurationName = Release;
		};
/* End XCConfigurationList section */
	};
	rootObject = B5BF0FCC136FCBE800C23233 /* Project object */;
}
