// !$*UTF8*$!
{
	archiveVersion = 1;
	classes = {
	};
	objectVersion = 46;
	objects = {

/* Begin PBXBuildFile section */
		B5BF0FDA136FCBE800C23233 /* UIKit.framework in Frameworks */ = {isa = PBXBuildFile; fileRef = B5BF0FD9136FCBE800C23233 /* UIKit.framework */; };
		B5BF0FDC136FCBE800C23233 /* Foundation.framework in Frameworks */ = {isa = PBXBuildFile; fileRef = B5BF0FDB136FCBE800C23233 /* Foundation.framework */; };
		B5BF0FDE136FCBE800C23233 /* CoreGraphics.framework in Frameworks */ = {isa = PBXBuildFile; fileRef = B5BF0FDD136FCBE800C23233 /* CoreGraphics.framework */; };
		B5BF0FE4136FCBE800C23233 /* InfoPlist.strings in Resources */ = {isa = PBXBuildFile; fileRef = B5BF0FE2136FCBE800C23233 /* InfoPlist.strings */; };
		B5BF0FE7136FCBE800C23233 /* main.m in Sources */ = {isa = PBXBuildFile; fileRef = B5BF0FE6136FCBE800C23233 /* main.m */; };
		B5BF0FEA136FCBE800C23233 /* LomoPhotosAppDelegate.m in Sources */ = {isa = PBXBuildFile; fileRef = B5BF0FE9136FCBE800C23233 /* LomoPhotosAppDelegate.m */; };
		B5BF0FED136FCBE800C23233 /* MainWindow.xib in Resources */ = {isa = PBXBuildFile; fileRef = B5BF0FEB136FCBE800C23233 /* MainWindow.xib */; };
		B5BF0FF0136FCBE800C23233 /* LomoPhotosViewController.m in Sources */ = {isa = PBXBuildFile; fileRef = B5BF0FEF136FCBE800C23233 /* LomoPhotosViewController.m */; };
		B5BF0FF3136FCBE800C23233 /* LomoPhotosViewController.xib in Resources */ = {isa = PBXBuildFile; fileRef = B5BF0FF1136FCBE800C23233 /* LomoPhotosViewController.xib */; };
/* End PBXBuildFile section */

/* Begin PBXFileReference section */
		B5BF0FD5136FCBE800C23233 /* LomoPhotos.app */ = {isa = PBXFileReference; explicitFileType = wrapper.application; includeInIndex = 0; path = LomoPhotos.app; sourceTree = BUILT_PRODUCTS_DIR; };
		B5BF0FD9136FCBE800C23233 /* UIKit.framework */ = {isa = PBXFileReference; lastKnownFileType = wrapper.framework; name = UIKit.framework; path = System/Library/Frameworks/UIKit.framework; sourceTree = SDKROOT; };
		B5BF0FDB136FCBE800C23233 /* Foundation.framework */ = {isa = PBXFileReference; lastKnownFileType = wrapper.framework; name = Foundation.framework; path = System/Library/Frameworks/Foundation.framework; sourceTree = SDKROOT; };
		B5BF0FDD136FCBE800C23233 /* CoreGraphics.framework */ = {isa = PBXFileReference; lastKnownFileType = wrapper.framework; name = CoreGraphics.framework; path = System/Library/Frameworks/CoreGraphics.framework; sourceTree = SDKROOT; };
		B5BF0FE1136FCBE800C23233 /* LomoPhotos-Info.plist */ = {isa = PBXFileReference; path = "LomoPhotos-Info.plist"; sourceTree = "<group>"; };
		B5BF0FE3136FCBE800C23233 /* en */ = {isa = PBXFileReference; lastKnownFileType = text.plist.strings; name = en; path = en.lproj/InfoPlist.strings; sourceTree = "<group>"; };
		B5BF0FE5136FCBE800C23233 /* LomoPhotos-Prefix.pch */ = {isa = PBXFileReference; path = "LomoPhotos-Prefix.pch"; sourceTree = "<group>"; };
		B5BF0FE6136FCBE800C23233 /* main.m */ = {isa = PBXFileReference; lastKnownFileType = sourcecode.c.objc; path = main.m; sourceTree = "<group>"; };
		B5BF0FE8136FCBE800C23233 /* LomoPhotosAppDelegate.h */ = {isa = PBXFileReference; path = LomoPhotosAppDelegate.h; sourceTree = "<group>"; };
		B5BF0FE9136FCBE800C23233 /* LomoPhotosAppDelegate.m */ = {isa = PBXFileReference; lastKnownFileType = sourcecode.c.objc; path = LomoPhotosAppDelegate.m; sourceTree = "<group>"; };
		B5BF0FEC136FCBE800C23233 /* en */ = {isa = PBXFileReference; lastKnownFileType = file.xib; name = en; path = en.lproj/MainWindow.xib; sourceTree = "<group>"; };
		B5BF0FEE136FCBE800C23233 /* LomoPhotosViewController.h */ = {isa = PBXFileReference; path = LomoPhotosViewController.h; sourceTree = "<group>"; };
		B5BF0FEF136FCBE800C23233 /* LomoPhotosViewController.m */ = {isa = PBXFileReference; lastKnownFileType = sourcecode.c.objc; path = LomoPhotosViewController.m; sourceTree = "<group>"; };
		B5BF0FF2136FCBE800C23233 /* en */ = {isa = PBXFileReference; lastKnownFileType = file.xib; name = en; path = en.lproj/LomoPhotosViewController.xib; sourceTree = "<group>"; };
/* End PBXFileReference section */

/* Begin PBXFrameworksBuildPhase section */
		B5BF0FD2136FCBE800C23233 /* Frameworks */ = {
			isa = PBXFrameworksBuildPhase;
			buildActionMask = 2147483647;
			files = (
				B5BF0FDA136FCBE800C23233 /* UIKit.framework in Frameworks */,
				B5BF0FDC136FCBE800C23233 /* Foundation.framework in Frameworks */,
				B5BF0FDE136FCBE800C23233 /* CoreGraphics.framework in Frameworks */,
			);
			runOnlyForDeploymentPostprocessing = 0;
		};
/* End PBXFrameworksBuildPhase section */

/* Begin PBXGroup section */
		B5BF0FCA136FCBE800C23233 = {
			isa = PBXGroup;
			children = (
				B5BF0FDF136FCBE800C23233 /* LomoPhotos */,
				B5BF0FD8136FCBE800C23233 /* Frameworks */,
				B5BF0FD6136FCBE800C23233 /* Products */,
			);
			sourceTree = "<group>";
		};
		B5BF0FD6136FCBE800C23233 /* Products */ = {
			isa = PBXGroup;
			children = (
				B5BF0FD5136FCBE800C23233 /* LomoPhotos.app */,
			);
			name = Products;
			sourceTree = "<group>";
		};
		B5BF0FD8136FCBE800C23233 /* Frameworks */ = {
			isa = PBXGroup;
			children = (
				B5BF0FD9136FCBE800C23233 /* UIKit.framework */,
				B5BF0FDB136FCBE800C23233 /* Foundation.framework */,
				B5BF0FDD136FCBE800C23233 /* CoreGraphics.framework */,
			);
			name = Frameworks;
			sourceTree = "<group>";
		};
		B5BF0FDF136FCBE800C23233 /* LomoPhotos */ = {
			isa = PBXGroup;
			children = (
				B5BF0FE8136FCBE800C23233 /* LomoPhotosAppDelegate.h */,
				B5BF0FE9136FCBE800C23233 /* LomoPhotosAppDelegate.m */,
				B5BF0FEB136FCBE800C23233 /* MainWindow.xib */,
				B5BF0FEE136FCBE800C23233 /* LomoPhotosViewController.h */,
				B5BF0FEF136FCBE800C23233 /* LomoPhotosViewController.m */,
				B5BF0FF1136FCBE800C23233 /* LomoPhotosViewController.xib */,
				B5BF0FE0136FCBE800C23233 /* Supporting Files */,
			);
			path = LomoPhotos;
			sourceTree = "<group>";
		};
		B5BF0FE0136FCBE800C23233 /* Supporting Files */ = {
			isa = PBXGroup;
			children = (
				B5BF0FE1136FCBE800C23233 /* LomoPhotos-Info.plist */,
				B5BF0FE2136FCBE800C23233 /* InfoPlist.strings */,
				B5BF0FE5136FCBE800C23233 /* LomoPhotos-Prefix.pch */,
				B5BF0FE6136FCBE800C23233 /* main.m */,
			);
			name = "Supporting Files";
			sourceTree = "<group>";
		};
/* End PBXGroup section */

/* Begin PBXNativeTarget section */
		B5BF0FD4136FCBE800C23233 /* LomoPhotos */ = {
			isa = PBXNativeTarget;
			buildConfigurationList = B5BF0FF6136FCBE800C23233 /* Build configuration list for PBXNativeTarget "LomoPhotos" */;
			buildPhases = (
				B5BF0FD1136FCBE800C23233 /* Sources */,
				B5BF0FD2136FCBE800C23233 /* Frameworks */,
				B5BF0FD3136FCBE800C23233 /* Resources */,
			);
			buildRules = (
			);
			dependencies = (
			);
			name = LomoPhotos;
			productName = LomoPhotos;
			productReference = B5BF0FD5136FCBE800C23233 /* LomoPhotos.app */;
			productType = "com.apple.product-type.application";
		};
/* End PBXNativeTarget section */

/* Begin PBXProject section */
		B5BF0FCC136FCBE800C23233 /* Project object */ = {
			isa = PBXProject;
			buildConfigurationList = B5BF0FCF136FCBE800C23233 /* Build configuration list for PBXProject "LomoPhotos" */;
			compatibilityVersion = "Xcode 3.2";
			developmentRegion = English;
			hasScannedForEncodings = 0;
			knownRegions = (
				en,
			);
			mainGroup = B5BF0FCA136FCBE800C23233;
			productRefGroup = B5BF0FD6136FCBE800C23233 /* Products */;
			projectDirPath = "";
			projectRoot = "";
			targets = (
				B5BF0FD4136FCBE800C23233 /* LomoPhotos */,
			);
		};
/* End PBXProject section */

/* Begin PBXResourcesBuildPhase section */
		B5BF0FD3136FCBE800C23233 /* Resources */ = {
			isa = PBXResourcesBuildPhase;
			buildActionMask = 2147483647;
			files = (
				B5BF0FE4136FCBE800C23233 /* InfoPlist.strings in Resources */,
				B5BF0FED136FCBE800C23233 /* MainWindow.xib in Resources */,
				B5BF0FF3136FCBE800C23233 /* LomoPhotosViewController.xib in Resources */,
			);
			runOnlyForDeploymentPostprocessing = 0;
		};
/* End PBXResourcesBuildPhase section */

/* Begin PBXSourcesBuildPhase section */
		B5BF0FD1136FCBE800C23233 /* Sources */ = {
			isa = PBXSourcesBuildPhase;
			buildActionMask = 2147483647;
			files = (
				B5BF0FE7136FCBE800C23233 /* main.m in Sources */,
				B5BF0FEA136FCBE800C23233 /* LomoPhotosAppDelegate.m in Sources */,
				B5BF0FF0136FCBE800C23233 /* LomoPhotosViewController.m in Sources */,
			);
			runOnlyForDeploymentPostprocessing = 0;
		};
/* End PBXSourcesBuildPhase section */

/* Begin PBXVariantGroup section */
		B5BF0FE2136FCBE800C23233 /* InfoPlist.strings */ = {
			isa = PBXVariantGroup;
			children = (
				B5BF0FE3136FCBE800C23233 /* en */,
			);
			name = InfoPlist.strings;
			sourceTree = "<group>";
		};
		B5BF0FEB136FCBE800C23233 /* MainWindow.xib */ = {
			isa = PBXVariantGroup;
			children = (
				B5BF0FEC136FCBE800C23233 /* en */,
			);
			name = MainWindow.xib;
			sourceTree = "<group>";
		};
		B5BF0FF1136FCBE800C23233 /* LomoPhotosViewController.xib */ = {
			isa = PBXVariantGroup;
			children = (
				B5BF0FF2136FCBE800C23233 /* en */,
			);
			name = LomoPhotosViewController.xib;
			sourceTree = "<group>";
		};
/* End PBXVariantGroup section */

/* Begin XCBuildConfiguration section */
		B5BF0FF4136FCBE800C23233 /* Debug */ = {
			isa = XCBuildConfiguration;
			buildSettings = {
				ARCHS = "$(ARCHS_UNIVERSAL_IPHONE_OS)";
				"CODE_SIGN_IDENTITY[sdk=iphoneos*]" = "iPhone Developer";
				GCC_C_LANGUAGE_STANDARD = gnu99;
				GCC_OPTIMIZATION_LEVEL = 0;
				GCC_PREPROCESSOR_DEFINITIONS = DEBUG;
				GCC_SYMBOLS_PRIVATE_EXTERN = NO;
				GCC_VERSION = com.apple.compilers.llvmgcc42;
				GCC_WARN_ABOUT_RETURN_TYPE = YES;
				GCC_WARN_UNUSED_VARIABLE = YES;
				IPHONEOS_DEPLOYMENT_TARGET = 4.3;
				SDKROOT = iphoneos;
				TARGETED_DEVICE_FAMILY = 2;
			};
			name = Debug;
		};
		B5BF0FF5136FCBE800C23233 /* Release */ = {
			isa = XCBuildConfiguration;
			buildSettings = {
				ARCHS = "$(ARCHS_UNIVERSAL_IPHONE_OS)";
				"CODE_SIGN_IDENTITY[sdk=iphoneos*]" = "iPhone Developer";
				GCC_C_LANGUAGE_STANDARD = gnu99;
				GCC_VERSION = com.apple.compilers.llvmgcc42;
				GCC_WARN_ABOUT_RETURN_TYPE = YES;
				GCC_WARN_UNUSED_VARIABLE = YES;
				IPHONEOS_DEPLOYMENT_TARGET = 4.3;
				OTHER_CFLAGS = "-DNS_BLOCK_ASSERTIONS=1";
				SDKROOT = iphoneos;
				TARGETED_DEVICE_FAMILY = 2;
			};
			name = Release;
		};
		B5BF0FF7136FCBE800C23233 /* Debug */ = {
			isa = XCBuildConfiguration;
			buildSettings = {
				ALWAYS_SEARCH_USER_PATHS = NO;
				COPY_PHASE_STRIP = NO;
				GCC_DYNAMIC_NO_PIC = NO;
				GCC_PRECOMPILE_PREFIX_HEADER = YES;
				GCC_PREFIX_HEADER = "LomoPhotos/LomoPhotos-Prefix.pch";
				INFOPLIST_FILE = "LomoPhotos/LomoPhotos-Info.plist";
				PRODUCT_NAME = "$(TARGET_NAME)";
				WRAPPER_EXTENSION = app;
			};
			name = Debug;
		};
		B5BF0FF8136FCBE800C23233 /* Release */ = {
			isa = XCBuildConfiguration;
			buildSettings = {
				ALWAYS_SEARCH_USER_PATHS = NO;
				COPY_PHASE_STRIP = YES;
				GCC_PRECOMPILE_PREFIX_HEADER = YES;
				GCC_PREFIX_HEADER = "LomoPhotos/LomoPhotos-Prefix.pch";
				INFOPLIST_FILE = "LomoPhotos/LomoPhotos-Info.plist";
				PRODUCT_NAME = "$(TARGET_NAME)";
				VALIDATE_PRODUCT = YES;
				WRAPPER_EXTENSION = app;
			};
			name = Release;
		};
/* End XCBuildConfiguration section */

/* Begin XCConfigurationList section */
		B5BF0FCF136FCBE800C23233 /* Build configuration list for PBXProject "LomoPhotos" */ = {
			isa = XCConfigurationList;
			buildConfigurations = (
				B5BF0FF4136FCBE800C23233 /* Debug */,
				B5BF0FF5136FCBE800C23233 /* Release */,
			);
			defaultConfigurationIsVisible = 0;
			defaultConfigurationName = Release;
		};
		B5BF0FF6136FCBE800C23233 /* Build configuration list for PBXNativeTarget "LomoPhotos" */ = {
			isa = XCConfigurationList;
			buildConfigurations = (
				B5BF0FF7136FCBE800C23233 /* Debug */,
				B5BF0FF8136FCBE800C23233 /* Release */,
			);
			defaultConfigurationIsVisible = 0;
		};
/* End XCConfigurationList section */
	};
	rootObject = B5BF0FCC136FCBE800C23233 /* Project object */;
}
